{"filter":false,"title":"composer.lock","tooltip":"/70/adminlte-generator/composer.lock","undoManager":{"mark":-1,"position":-1,"stack":[]},"ace":{"folds":[],"scrolltop":900,"scrollleft":0,"selection":{"start":{"row":0,"column":0},"end":{"row":0,"column":0},"isBackwards":false},"options":{"guessTabSize":true,"useWrapMode":false,"wrapToView":true},"firstLineState":{"row":63,"state":"start","mode":"ace/mode/json"}},"timestamp":1609939262871,"hash":"5245edc7cd4784803776c53e82d0ac9e331bd558"}