{"filter":false,"title":"composer.lock","tooltip":"/60/adminlte-generator/composer.lock","undoManager":{"mark":-1,"position":-1,"stack":[]},"ace":{"folds":[],"scrolltop":3120,"scrollleft":0,"selection":{"start":{"row":0,"column":0},"end":{"row":0,"column":0},"isBackwards":false},"options":{"guessTabSize":true,"useWrapMode":false,"wrapToView":true},"firstLineState":{"row":221,"state":"start","mode":"ace/mode/json"}},"timestamp":1609939233223,"hash":"beadf34f43eb88c325812dd68e9ae35d1d748790"}